
Microsoft Visual Studio Solution File, Format Version 12.00
# Visual Studio Version 16
VisualStudioVersion = 16.0.29806.167
MinimumVisualStudioVersion = 10.0.40219.1
Project("{9A19103F-16F7-4668-BE54-9A1E7A4F7556}") = "MedPark.API.Gateway", "MedPark.API.Gateway\src\MedPark.API.Gateway.csproj", "{AB340164-1A9A-4C77-A86C-82B5C8DF21B3}"
EndProject
Project("{9A19103F-16F7-4668-BE54-9A1E7A4F7556}") = "MedPark.Basket", "MedPark.Basket\src\MedPark.Basket.csproj", "{25282224-0183-4393-ACEC-F8875028859D}"
EndProject
Project("{9A19103F-16F7-4668-BE54-9A1E7A4F7556}") = "MedPark.Bookings", "MedPark.Bookings\src\MedPark.Bookings.csproj", "{8C01E5D6-78B2-493F-BDDE-1C87A362290C}"
EndProject
Project("{9A19103F-16F7-4668-BE54-9A1E7A4F7556}") = "MedPark.Catalog", "MedPark.Catalog\src\MedPark.Catalog.csproj", "{C4CBE4B8-50FE-4B72-AC4E-9C79D873CFE6}"
EndProject
Project("{9A19103F-16F7-4668-BE54-9A1E7A4F7556}") = "MedPark.Common", "MedPark.Common\src\MedPark.Common.csproj", "{BE9847F2-F7C5-49FA-90D9-0162BC60C182}"
EndProject
Project("{9A19103F-16F7-4668-BE54-9A1E7A4F7556}") = "MedPark.Common.Email", "MedPark.Common.Email\src\MedPark.Common.Email.csproj", "{3CBE4AF5-4A12-436E-8362-31E75CB723E8}"
EndProject
Project("{9A19103F-16F7-4668-BE54-9A1E7A4F7556}") = "MedPark.CustomersService", "MedPark.Customers\src\MedPark.CustomersService.csproj", "{BBEEA9A6-CB92-432E-A7AD-40B07E74A92B}"
EndProject
Project("{9A19103F-16F7-4668-BE54-9A1E7A4F7556}") = "MedPark.Identity", "MedPark.Identity\src\MedPark.Identity.csproj", "{077756F7-0E92-436B-880D-58C32A7D9ED4}"
EndProject
Project("{9A19103F-16F7-4668-BE54-9A1E7A4F7556}") = "MedPark.MedicalPractice", "MedPark.MedicalPractice\src\MedPark.MedicalPractice.csproj", "{81A832ED-5907-4734-AFA4-1A79506EF0B9}"
EndProject
Project("{9A19103F-16F7-4668-BE54-9A1E7A4F7556}") = "MedPark.Notifications", "MedPark.Notifications\src\MedPark.Notifications.csproj", "{C7A1FFA1-9A1C-432D-8D38-01598F327950}"
EndProject
Project("{9A19103F-16F7-4668-BE54-9A1E7A4F7556}") = "MedPark.OrderService", "MedPark.Orders\src\MedPark.OrderService.csproj", "{EB6899D5-3E33-4A05-9B6E-3123603F6FD7}"
EndProject
Project("{9A19103F-16F7-4668-BE54-9A1E7A4F7556}") = "MedPark.Payment", "MedPark.Payments\src\MedPark.Payment.csproj", "{D90DDEC5-8477-4849-BF04-16937901C9B1}"
EndProject
Project("{9A19103F-16F7-4668-BE54-9A1E7A4F7556}") = "MedPark.Web", "MedPark.Web\src\MedPark.Web.csproj", "{ACC26F02-8C69-44CD-9D0B-162F1F208ED0}"
EndProject
Project("{2150E333-8FDC-42A3-9474-1A3956D46DE8}") = "Libraries", "Libraries", "{4AC0C22E-9747-4EE1-A096-22A6B54DB8F7}"
EndProject
Project("{2150E333-8FDC-42A3-9474-1A3956D46DE8}") = "Services", "Services", "{59C39635-5404-479A-93F3-98B43E77B0F1}"
EndProject
Project("{2150E333-8FDC-42A3-9474-1A3956D46DE8}") = "Tests", "Tests", "{57016245-0F64-4B9B-B357-44F7169C4232}"
EndProject
Project("{9A19103F-16F7-4668-BE54-9A1E7A4F7556}") = "MedPark.Basket.Tests", "MedPark.Basket\Tests\MedPark.Basket.Tests\MedPark.Basket.Tests.csproj", "{8248E5F3-21A6-4001-8513-3B1B513FD1C4}"
EndProject
Global
	GlobalSection(SolutionConfigurationPlatforms) = preSolution
		Console|Any CPU = Console|Any CPU
		Debug - Docker|Any CPU = Debug - Docker|Any CPU
		Debug|Any CPU = Debug|Any CPU
		Release|Any CPU = Release|Any CPU
	EndGlobalSection
	GlobalSection(ProjectConfigurationPlatforms) = postSolution
		{AB340164-1A9A-4C77-A86C-82B5C8DF21B3}.Console|Any CPU.ActiveCfg = Debug|Any CPU
		{AB340164-1A9A-4C77-A86C-82B5C8DF21B3}.Console|Any CPU.Build.0 = Debug|Any CPU
		{AB340164-1A9A-4C77-A86C-82B5C8DF21B3}.Debug - Docker|Any CPU.ActiveCfg = Debug|Any CPU
		{AB340164-1A9A-4C77-A86C-82B5C8DF21B3}.Debug - Docker|Any CPU.Build.0 = Debug|Any CPU
		{AB340164-1A9A-4C77-A86C-82B5C8DF21B3}.Debug|Any CPU.ActiveCfg = Debug|Any CPU
		{AB340164-1A9A-4C77-A86C-82B5C8DF21B3}.Debug|Any CPU.Build.0 = Debug|Any CPU
		{AB340164-1A9A-4C77-A86C-82B5C8DF21B3}.Release|Any CPU.ActiveCfg = Release|Any CPU
		{AB340164-1A9A-4C77-A86C-82B5C8DF21B3}.Release|Any CPU.Build.0 = Release|Any CPU
		{25282224-0183-4393-ACEC-F8875028859D}.Console|Any CPU.ActiveCfg = Debug|Any CPU
		{25282224-0183-4393-ACEC-F8875028859D}.Console|Any CPU.Build.0 = Debug|Any CPU
		{25282224-0183-4393-ACEC-F8875028859D}.Debug - Docker|Any CPU.ActiveCfg = Debug|Any CPU
		{25282224-0183-4393-ACEC-F8875028859D}.Debug - Docker|Any CPU.Build.0 = Debug|Any CPU
		{25282224-0183-4393-ACEC-F8875028859D}.Debug|Any CPU.ActiveCfg = Debug|Any CPU
		{25282224-0183-4393-ACEC-F8875028859D}.Debug|Any CPU.Build.0 = Debug|Any CPU
		{25282224-0183-4393-ACEC-F8875028859D}.Release|Any CPU.ActiveCfg = Release|Any CPU
		{25282224-0183-4393-ACEC-F8875028859D}.Release|Any CPU.Build.0 = Release|Any CPU
		{8C01E5D6-78B2-493F-BDDE-1C87A362290C}.Console|Any CPU.ActiveCfg = Debug|Any CPU
		{8C01E5D6-78B2-493F-BDDE-1C87A362290C}.Console|Any CPU.Build.0 = Debug|Any CPU
		{8C01E5D6-78B2-493F-BDDE-1C87A362290C}.Debug - Docker|Any CPU.ActiveCfg = Debug|Any CPU
		{8C01E5D6-78B2-493F-BDDE-1C87A362290C}.Debug - Docker|Any CPU.Build.0 = Debug|Any CPU
		{8C01E5D6-78B2-493F-BDDE-1C87A362290C}.Debug|Any CPU.ActiveCfg = Debug|Any CPU
		{8C01E5D6-78B2-493F-BDDE-1C87A362290C}.Debug|Any CPU.Build.0 = Debug|Any CPU
		{8C01E5D6-78B2-493F-BDDE-1C87A362290C}.Release|Any CPU.ActiveCfg = Release|Any CPU
		{8C01E5D6-78B2-493F-BDDE-1C87A362290C}.Release|Any CPU.Build.0 = Release|Any CPU
		{C4CBE4B8-50FE-4B72-AC4E-9C79D873CFE6}.Console|Any CPU.ActiveCfg = Debug|Any CPU
		{C4CBE4B8-50FE-4B72-AC4E-9C79D873CFE6}.Console|Any CPU.Build.0 = Debug|Any CPU
		{C4CBE4B8-50FE-4B72-AC4E-9C79D873CFE6}.Debug - Docker|Any CPU.ActiveCfg = Debug|Any CPU
		{C4CBE4B8-50FE-4B72-AC4E-9C79D873CFE6}.Debug - Docker|Any CPU.Build.0 = Debug|Any CPU
		{C4CBE4B8-50FE-4B72-AC4E-9C79D873CFE6}.Debug|Any CPU.ActiveCfg = Debug|Any CPU
		{C4CBE4B8-50FE-4B72-AC4E-9C79D873CFE6}.Debug|Any CPU.Build.0 = Debug|Any CPU
		{C4CBE4B8-50FE-4B72-AC4E-9C79D873CFE6}.Release|Any CPU.ActiveCfg = Release|Any CPU
		{C4CBE4B8-50FE-4B72-AC4E-9C79D873CFE6}.Release|Any CPU.Build.0 = Release|Any CPU
		{BE9847F2-F7C5-49FA-90D9-0162BC60C182}.Console|Any CPU.ActiveCfg = Console|Any CPU
		{BE9847F2-F7C5-49FA-90D9-0162BC60C182}.Console|Any CPU.Build.0 = Console|Any CPU
		{BE9847F2-F7C5-49FA-90D9-0162BC60C182}.Debug - Docker|Any CPU.ActiveCfg = Debug - Docker|Any CPU
		{BE9847F2-F7C5-49FA-90D9-0162BC60C182}.Debug - Docker|Any CPU.Build.0 = Debug - Docker|Any CPU
		{BE9847F2-F7C5-49FA-90D9-0162BC60C182}.Debug|Any CPU.ActiveCfg = Debug|Any CPU
		{BE9847F2-F7C5-49FA-90D9-0162BC60C182}.Debug|Any CPU.Build.0 = Debug|Any CPU
		{BE9847F2-F7C5-49FA-90D9-0162BC60C182}.Release|Any CPU.ActiveCfg = Release|Any CPU
		{BE9847F2-F7C5-49FA-90D9-0162BC60C182}.Release|Any CPU.Build.0 = Release|Any CPU
		{3CBE4AF5-4A12-436E-8362-31E75CB723E8}.Console|Any CPU.ActiveCfg = Debug|Any CPU
		{3CBE4AF5-4A12-436E-8362-31E75CB723E8}.Console|Any CPU.Build.0 = Debug|Any CPU
		{3CBE4AF5-4A12-436E-8362-31E75CB723E8}.Debug - Docker|Any CPU.ActiveCfg = Debug|Any CPU
		{3CBE4AF5-4A12-436E-8362-31E75CB723E8}.Debug - Docker|Any CPU.Build.0 = Debug|Any CPU
		{3CBE4AF5-4A12-436E-8362-31E75CB723E8}.Debug|Any CPU.ActiveCfg = Debug|Any CPU
		{3CBE4AF5-4A12-436E-8362-31E75CB723E8}.Debug|Any CPU.Build.0 = Debug|Any CPU
		{3CBE4AF5-4A12-436E-8362-31E75CB723E8}.Release|Any CPU.ActiveCfg = Release|Any CPU
		{3CBE4AF5-4A12-436E-8362-31E75CB723E8}.Release|Any CPU.Build.0 = Release|Any CPU
		{BBEEA9A6-CB92-432E-A7AD-40B07E74A92B}.Console|Any CPU.ActiveCfg = Debug|Any CPU
		{BBEEA9A6-CB92-432E-A7AD-40B07E74A92B}.Console|Any CPU.Build.0 = Debug|Any CPU
		{BBEEA9A6-CB92-432E-A7AD-40B07E74A92B}.Debug - Docker|Any CPU.ActiveCfg = Debug|Any CPU
		{BBEEA9A6-CB92-432E-A7AD-40B07E74A92B}.Debug - Docker|Any CPU.Build.0 = Debug|Any CPU
		{BBEEA9A6-CB92-432E-A7AD-40B07E74A92B}.Debug|Any CPU.ActiveCfg = Debug|Any CPU
		{BBEEA9A6-CB92-432E-A7AD-40B07E74A92B}.Debug|Any CPU.Build.0 = Debug|Any CPU
		{BBEEA9A6-CB92-432E-A7AD-40B07E74A92B}.Release|Any CPU.ActiveCfg = Release|Any CPU
		{BBEEA9A6-CB92-432E-A7AD-40B07E74A92B}.Release|Any CPU.Build.0 = Release|Any CPU
		{077756F7-0E92-436B-880D-58C32A7D9ED4}.Console|Any CPU.ActiveCfg = Debug|Any CPU
		{077756F7-0E92-436B-880D-58C32A7D9ED4}.Console|Any CPU.Build.0 = Debug|Any CPU
		{077756F7-0E92-436B-880D-58C32A7D9ED4}.Debug - Docker|Any CPU.ActiveCfg = Debug|Any CPU
		{077756F7-0E92-436B-880D-58C32A7D9ED4}.Debug - Docker|Any CPU.Build.0 = Debug|Any CPU
		{077756F7-0E92-436B-880D-58C32A7D9ED4}.Debug|Any CPU.ActiveCfg = Debug|Any CPU
		{077756F7-0E92-436B-880D-58C32A7D9ED4}.Debug|Any CPU.Build.0 = Debug|Any CPU
		{077756F7-0E92-436B-880D-58C32A7D9ED4}.Release|Any CPU.ActiveCfg = Release|Any CPU
		{077756F7-0E92-436B-880D-58C32A7D9ED4}.Release|Any CPU.Build.0 = Release|Any CPU
		{81A832ED-5907-4734-AFA4-1A79506EF0B9}.Console|Any CPU.ActiveCfg = Debug|Any CPU
		{81A832ED-5907-4734-AFA4-1A79506EF0B9}.Console|Any CPU.Build.0 = Debug|Any CPU
		{81A832ED-5907-4734-AFA4-1A79506EF0B9}.Debug - Docker|Any CPU.ActiveCfg = Debug|Any CPU
		{81A832ED-5907-4734-AFA4-1A79506EF0B9}.Debug - Docker|Any CPU.Build.0 = Debug|Any CPU
		{81A832ED-5907-4734-AFA4-1A79506EF0B9}.Debug|Any CPU.ActiveCfg = Debug|Any CPU
		{81A832ED-5907-4734-AFA4-1A79506EF0B9}.Debug|Any CPU.Build.0 = Debug|Any CPU
		{81A832ED-5907-4734-AFA4-1A79506EF0B9}.Release|Any CPU.ActiveCfg = Release|Any CPU
		{81A832ED-5907-4734-AFA4-1A79506EF0B9}.Release|Any CPU.Build.0 = Release|Any CPU
		{C7A1FFA1-9A1C-432D-8D38-01598F327950}.Console|Any CPU.ActiveCfg = Debug|Any CPU
		{C7A1FFA1-9A1C-432D-8D38-01598F327950}.Console|Any CPU.Build.0 = Debug|Any CPU
		{C7A1FFA1-9A1C-432D-8D38-01598F327950}.Debug - Docker|Any CPU.ActiveCfg = Debug|Any CPU
		{C7A1FFA1-9A1C-432D-8D38-01598F327950}.Debug - Docker|Any CPU.Build.0 = Debug|Any CPU
		{C7A1FFA1-9A1C-432D-8D38-01598F327950}.Debug|Any CPU.ActiveCfg = Debug|Any CPU
		{C7A1FFA1-9A1C-432D-8D38-01598F327950}.Debug|Any CPU.Build.0 = Debug|Any CPU
		{C7A1FFA1-9A1C-432D-8D38-01598F327950}.Release|Any CPU.ActiveCfg = Release|Any CPU
		{C7A1FFA1-9A1C-432D-8D38-01598F327950}.Release|Any CPU.Build.0 = Release|Any CPU
		{EB6899D5-3E33-4A05-9B6E-3123603F6FD7}.Console|Any CPU.ActiveCfg = Debug|Any CPU
		{EB6899D5-3E33-4A05-9B6E-3123603F6FD7}.Console|Any CPU.Build.0 = Debug|Any CPU
		{EB6899D5-3E33-4A05-9B6E-3123603F6FD7}.Debug - Docker|Any CPU.ActiveCfg = Debug|Any CPU
		{EB6899D5-3E33-4A05-9B6E-3123603F6FD7}.Debug - Docker|Any CPU.Build.0 = Debug|Any CPU
		{EB6899D5-3E33-4A05-9B6E-3123603F6FD7}.Debug|Any CPU.ActiveCfg = Debug|Any CPU
		{EB6899D5-3E33-4A05-9B6E-3123603F6FD7}.Debug|Any CPU.Build.0 = Debug|Any CPU
		{EB6899D5-3E33-4A05-9B6E-3123603F6FD7}.Release|Any CPU.ActiveCfg = Release|Any CPU
		{EB6899D5-3E33-4A05-9B6E-3123603F6FD7}.Release|Any CPU.Build.0 = Release|Any CPU
		{D90DDEC5-8477-4849-BF04-16937901C9B1}.Console|Any CPU.ActiveCfg = Debug|Any CPU
		{D90DDEC5-8477-4849-BF04-16937901C9B1}.Console|Any CPU.Build.0 = Debug|Any CPU
		{D90DDEC5-8477-4849-BF04-16937901C9B1}.Debug - Docker|Any CPU.ActiveCfg = Debug|Any CPU
		{D90DDEC5-8477-4849-BF04-16937901C9B1}.Debug - Docker|Any CPU.Build.0 = Debug|Any CPU
		{D90DDEC5-8477-4849-BF04-16937901C9B1}.Debug|Any CPU.ActiveCfg = Debug|Any CPU
		{D90DDEC5-8477-4849-BF04-16937901C9B1}.Debug|Any CPU.Build.0 = Debug|Any CPU
		{D90DDEC5-8477-4849-BF04-16937901C9B1}.Release|Any CPU.ActiveCfg = Release|Any CPU
		{D90DDEC5-8477-4849-BF04-16937901C9B1}.Release|Any CPU.Build.0 = Release|Any CPU
		{ACC26F02-8C69-44CD-9D0B-162F1F208ED0}.Console|Any CPU.ActiveCfg = Debug|Any CPU
		{ACC26F02-8C69-44CD-9D0B-162F1F208ED0}.Console|Any CPU.Build.0 = Debug|Any CPU
		{ACC26F02-8C69-44CD-9D0B-162F1F208ED0}.Debug - Docker|Any CPU.ActiveCfg = Debug|Any CPU
		{ACC26F02-8C69-44CD-9D0B-162F1F208ED0}.Debug - Docker|Any CPU.Build.0 = Debug|Any CPU
		{ACC26F02-8C69-44CD-9D0B-162F1F208ED0}.Debug|Any CPU.ActiveCfg = Debug|Any CPU
		{ACC26F02-8C69-44CD-9D0B-162F1F208ED0}.Debug|Any CPU.Build.0 = Debug|Any CPU
		{ACC26F02-8C69-44CD-9D0B-162F1F208ED0}.Release|Any CPU.ActiveCfg = Release|Any CPU
		{ACC26F02-8C69-44CD-9D0B-162F1F208ED0}.Release|Any CPU.Build.0 = Release|Any CPU
		{8248E5F3-21A6-4001-8513-3B1B513FD1C4}.Console|Any CPU.ActiveCfg = Debug|Any CPU
		{8248E5F3-21A6-4001-8513-3B1B513FD1C4}.Console|Any CPU.Build.0 = Debug|Any CPU
		{8248E5F3-21A6-4001-8513-3B1B513FD1C4}.Debug - Docker|Any CPU.ActiveCfg = Debug|Any CPU
		{8248E5F3-21A6-4001-8513-3B1B513FD1C4}.Debug - Docker|Any CPU.Build.0 = Debug|Any CPU
		{8248E5F3-21A6-4001-8513-3B1B513FD1C4}.Debug|Any CPU.ActiveCfg = Debug|Any CPU
		{8248E5F3-21A6-4001-8513-3B1B513FD1C4}.Debug|Any CPU.Build.0 = Debug|Any CPU
		{8248E5F3-21A6-4001-8513-3B1B513FD1C4}.Release|Any CPU.ActiveCfg = Release|Any CPU
		{8248E5F3-21A6-4001-8513-3B1B513FD1C4}.Release|Any CPU.Build.0 = Release|Any CPU
	EndGlobalSection
	GlobalSection(SolutionProperties) = preSolution
		HideSolutionNode = FALSE
	EndGlobalSection
	GlobalSection(NestedProjects) = preSolution
		{AB340164-1A9A-4C77-A86C-82B5C8DF21B3} = {59C39635-5404-479A-93F3-98B43E77B0F1}
		{25282224-0183-4393-ACEC-F8875028859D} = {59C39635-5404-479A-93F3-98B43E77B0F1}
		{8C01E5D6-78B2-493F-BDDE-1C87A362290C} = {59C39635-5404-479A-93F3-98B43E77B0F1}
		{C4CBE4B8-50FE-4B72-AC4E-9C79D873CFE6} = {59C39635-5404-479A-93F3-98B43E77B0F1}
		{BE9847F2-F7C5-49FA-90D9-0162BC60C182} = {4AC0C22E-9747-4EE1-A096-22A6B54DB8F7}
		{3CBE4AF5-4A12-436E-8362-31E75CB723E8} = {4AC0C22E-9747-4EE1-A096-22A6B54DB8F7}
		{BBEEA9A6-CB92-432E-A7AD-40B07E74A92B} = {59C39635-5404-479A-93F3-98B43E77B0F1}
		{077756F7-0E92-436B-880D-58C32A7D9ED4} = {59C39635-5404-479A-93F3-98B43E77B0F1}
		{81A832ED-5907-4734-AFA4-1A79506EF0B9} = {59C39635-5404-479A-93F3-98B43E77B0F1}
		{C7A1FFA1-9A1C-432D-8D38-01598F327950} = {59C39635-5404-479A-93F3-98B43E77B0F1}
		{EB6899D5-3E33-4A05-9B6E-3123603F6FD7} = {59C39635-5404-479A-93F3-98B43E77B0F1}
		{D90DDEC5-8477-4849-BF04-16937901C9B1} = {59C39635-5404-479A-93F3-98B43E77B0F1}
		{8248E5F3-21A6-4001-8513-3B1B513FD1C4} = {57016245-0F64-4B9B-B357-44F7169C4232}
	EndGlobalSection
	GlobalSection(ExtensibilityGlobals) = postSolution
		SolutionGuid = {16A64AD2-44F2-4BC9-AC62-8D970FC26DE5}
	EndGlobalSection
EndGlobal
